// !$*UTF8*$!
{
	archiveVersion = 1;
	classes = {
	};
	objectVersion = 50;
	objects = {

/* Begin PBXBuildFile section */
		AF43510E254FCE4F001018E8 /* AppDelegate.swift in Sources */ = {isa = PBXBuildFile; fileRef = AF43510D254FCE4F001018E8 /* AppDelegate.swift */; };
		AF435110254FCE4F001018E8 /* SceneDelegate.swift in Sources */ = {isa = PBXBuildFile; fileRef = AF43510F254FCE4F001018E8 /* SceneDelegate.swift */; };
		AF435112254FCE4F001018E8 /* ViewController.swift in Sources */ = {isa = PBXBuildFile; fileRef = AF435111254FCE4F001018E8 /* ViewController.swift */; };
		AF435115254FCE4F001018E8 /* Main.storyboard in Resources */ = {isa = PBXBuildFile; fileRef = AF435113254FCE4F001018E8 /* Main.storyboard */; };
		AF435117254FCE50001018E8 /* Assets.xcassets in Resources */ = {isa = PBXBuildFile; fileRef = AF435116254FCE50001018E8 /* Assets.xcassets */; };
		AF43511A254FCE50001018E8 /* LaunchScreen.storyboard in Resources */ = {isa = PBXBuildFile; fileRef = AF435118254FCE50001018E8 /* LaunchScreen.storyboard */; };
		AF435125254FCF57001018E8 /* lamp-off.png in Resources */ = {isa = PBXBuildFile; fileRef = AF435122254FCF56001018E8 /* lamp-off.png */; };
		AF435126254FCF57001018E8 /* lamp-on.png in Resources */ = {isa = PBXBuildFile; fileRef = AF435123254FCF56001018E8 /* lamp-on.png */; };
		AF435127254FCF57001018E8 /* lamp-remove.png in Resources */ = {isa = PBXBuildFile; fileRef = AF435124254FCF57001018E8 /* lamp-remove.png */; };
/* End PBXBuildFile section */

/* Begin PBXFileReference section */
		AF43510A254FCE4F001018E8 /* Alert.app */ = {isa = PBXFileReference; explicitFileType = wrapper.application; includeInIndex = 0; path = Alert.app; sourceTree = BUILT_PRODUCTS_DIR; };
		AF43510D254FCE4F001018E8 /* AppDelegate.swift */ = {isa = PBXFileReference; lastKnownFileType = sourcecode.swift; path = AppDelegate.swift; sourceTree = "<group>"; };
		AF43510F254FCE4F001018E8 /* SceneDelegate.swift */ = {isa = PBXFileReference; lastKnownFileType = sourcecode.swift; path = SceneDelegate.swift; sourceTree = "<group>"; };
		AF435111254FCE4F001018E8 /* ViewController.swift */ = {isa = PBXFileReference; lastKnownFileType = sourcecode.swift; path = ViewController.swift; sourceTree = "<group>"; };
		AF435114254FCE4F001018E8 /* Base */ = {isa = PBXFileReference; lastKnownFileType = file.storyboard; name = Base; path = Base.lproj/Main.storyboard; sourceTree = "<group>"; };
		AF435116254FCE50001018E8 /* Assets.xcassets */ = {isa = PBXFileReference; lastKnownFileType = folder.assetcatalog; path = Assets.xcassets; sourceTree = "<group>"; };
		AF435119254FCE50001018E8 /* Base */ = {isa = PBXFileReference; lastKnownFileType = file.storyboard; name = Base; path = Base.lproj/LaunchScreen.storyboard; sourceTree = "<group>"; };
		AF43511B254FCE50001018E8 /* Info.plist */ = {isa = PBXFileReference; lastKnownFileType = text.plist.xml; path = Info.plist; sourceTree = "<group>"; };
		AF435122254FCF56001018E8 /* lamp-off.png */ = {isa = PBXFileReference; lastKnownFileType = image.png; path = "lamp-off.png"; sourceTree = "<group>"; };
		AF435123254FCF56001018E8 /* lamp-on.png */ = {isa = PBXFileReference; lastKnownFileType = image.png; path = "lamp-on.png"; sourceTree = "<group>"; };
		AF435124254FCF57001018E8 /* lamp-remove.png */ = {isa = PBXFileReference; lastKnownFileType = image.png; path = "lamp-remove.png"; sourceTree = "<group>"; };
/* End PBXFileReference section */

/* Begin PBXFrameworksBuildPhase section */
		AF435107254FCE4F001018E8 /* Frameworks */ = {
			isa = PBXFrameworksBuildPhase;
			buildActionMask = 2147483647;
			files = (
			);
			runOnlyForDeploymentPostprocessing = 0;
		};
/* End PBXFrameworksBuildPhase section */

/* Begin PBXGroup section */
		AF435101254FCE4F001018E8 = {
			isa = PBXGroup;
			children = (
				AF43510C254FCE4F001018E8 /* Alert */,
				AF43510B254FCE4F001018E8 /* Products */,
			);
			sourceTree = "<group>";
		};
		AF43510B254FCE4F001018E8 /* Products */ = {
			isa = PBXGroup;
			children = (
				AF43510A254FCE4F001018E8 /* Alert.app */,
			);
			name = Products;
			sourceTree = "<group>";
		};
		AF43510C254FCE4F001018E8 /* Alert */ = {
			isa = PBXGroup;
			children = (
				AF435122254FCF56001018E8 /* lamp-off.png */,
				AF435123254FCF56001018E8 /* lamp-on.png */,
				AF435124254FCF57001018E8 /* lamp-remove.png */,
				AF43510D254FCE4F001018E8 /* AppDelegate.swift */,
				AF43510F254FCE4F001018E8 /* SceneDelegate.swift */,
				AF435111254FCE4F001018E8 /* ViewController.swift */,
				AF435113254FCE4F001018E8 /* Main.storyboard */,
				AF435116254FCE50001018E8 /* Assets.xcassets */,
				AF435118254FCE50001018E8 /* LaunchScreen.storyboard */,
				AF43511B254FCE50001018E8 /* Info.plist */,
			);
			path = Alert;
			sourceTree = "<group>";
		};
/* End PBXGroup section */

/* Begin PBXNativeTarget section */
		AF435109254FCE4F001018E8 /* Alert */ = {
			isa = PBXNativeTarget;
			buildConfigurationList = AF43511E254FCE50001018E8 /* Build configuration list for PBXNativeTarget "Alert" */;
			buildPhases = (
				AF435106254FCE4F001018E8 /* Sources */,
				AF435107254FCE4F001018E8 /* Frameworks */,
				AF435108254FCE4F001018E8 /* Resources */,
			);
			buildRules = (
			);
			dependencies = (
			);
			name = Alert;
			productName = Alert;
			productReference = AF43510A254FCE4F001018E8 /* Alert.app */;
			productType = "com.apple.product-type.application";
		};
/* End PBXNativeTarget section */

/* Begin PBXProject section */
		AF435102254FCE4F001018E8 /* Project object */ = {
			isa = PBXProject;
			attributes = {
				LastSwiftUpdateCheck = 1210;
				LastUpgradeCheck = 1210;
				TargetAttributes = {
					AF435109254FCE4F001018E8 = {
						CreatedOnToolsVersion = 12.1;
					};
				};
			};
			buildConfigurationList = AF435105254FCE4F001018E8 /* Build configuration list for PBXProject "Alert" */;
			compatibilityVersion = "Xcode 9.3";
			developmentRegion = en;
			hasScannedForEncodings = 0;
			knownRegions = (
				en,
				Base,
			);
			mainGroup = AF435101254FCE4F001018E8;
			productRefGroup = AF43510B254FCE4F001018E8 /* Products */;
			projectDirPath = "";
			projectRoot = "";
			targets = (
				AF435109254FCE4F001018E8 /* Alert */,
			);
		};
/* End PBXProject section */

/* Begin PBXResourcesBuildPhase section */
		AF435108254FCE4F001018E8 /* Resources */ = {
			isa = PBXResourcesBuildPhase;
			buildActionMask = 2147483647;
			files = (
				AF43511A254FCE50001018E8 /* LaunchScreen.storyboard in Resources */,
				AF435127254FCF57001018E8 /* lamp-remove.png in Resources */,
				AF435125254FCF57001018E8 /* lamp-off.png in Resources */,
				AF435117254FCE50001018E8 /* Assets.xcassets in Resources */,
				AF435115254FCE4F001018E8 /* Main.storyboard in Resources */,
				AF435126254FCF57001018E8 /* lamp-on.png in Resources */,
			);
			runOnlyForDeploymentPostprocessing = 0;
		};
/* End PBXResourcesBuildPhase section */

/* Begin PBXSourcesBuildPhase section */
		AF435106254FCE4F001018E8 /* Sources */ = {
			isa = PBXSourcesBuildPhase;
			buildActionMask = 2147483647;
			files = (
				AF435112254FCE4F001018E8 /* ViewController.swift in Sources */,
				AF43510E254FCE4F001018E8 /* AppDelegate.swift in Sources */,
				AF435110254FCE4F001018E8 /* SceneDelegate.swift in Sources */,
			);
			runOnlyForDeploymentPostprocessing = 0;
		};
/* End PBXSourcesBuildPhase section */

/* Begin PBXVariantGroup section */
		AF435113254FCE4F001018E8 /* Main.storyboard */ = {
			isa = PBXVariantGroup;
			children = (
				AF435114254FCE4F001018E8 /* Base */,
			);
			name = Main.storyboard;
			sourceTree = "<group>";
		};
		AF435118254FCE50001018E8 /* LaunchScreen.storyboard */ = {
			isa = PBXVariantGroup;
			children = (
				AF435119254FCE50001018E8 /* Base */,
			);
			name = LaunchScreen.storyboard;
			sourceTree = "<group>";
		};
/* End PBXVariantGroup section */

/* Begin XCBuildConfiguration section */
		AF43511C254FCE50001018E8 /* Debug */ = {
			isa = XCBuildConfiguration;
			buildSettings = {
				ALWAYS_SEARCH_USER_PATHS = NO;
				CLANG_ANALYZER_NONNULL = YES;
				CLANG_ANALYZER_NUMBER_OBJECT_CONVERSION = YES_AGGRESSIVE;
				CLANG_CXX_LANGUAGE_STANDARD = "gnu++14";
				CLANG_CXX_LIBRARY = "libc++";
				CLANG_ENABLE_MODULES = YES;
				CLANG_ENABLE_OBJC_ARC = YES;
				CLANG_ENABLE_OBJC_WEAK = YES;
				CLANG_WARN_BLOCK_CAPTURE_AUTORELEASING = YES;
				CLANG_WARN_BOOL_CONVERSION = YES;
				CLANG_WARN_COMMA = YES;
				CLANG_WARN_CONSTANT_CONVERSION = YES;
				CLANG_WARN_DEPRECATED_OBJC_IMPLEMENTATIONS = YES;
				CLANG_WARN_DIRECT_OBJC_ISA_USAGE = YES_ERROR;
				CLANG_WARN_DOCUMENTATION_COMMENTS = YES;
				CLANG_WARN_EMPTY_BODY = YES;
				CLANG_WARN_ENUM_CONVERSION = YES;
				CLANG_WARN_INFINITE_RECURSION = YES;
				CLANG_WARN_INT_CONVERSION = YES;
				CLANG_WARN_NON_LITERAL_NULL_CONVERSION = YES;
				CLANG_WARN_OBJC_IMPLICIT_RETAIN_SELF = YES;
				CLANG_WARN_OBJC_LITERAL_CONVERSION = YES;
				CLANG_WARN_OBJC_ROOT_CLASS = YES_ERROR;
				CLANG_WARN_QUOTED_INCLUDE_IN_FRAMEWORK_HEADER = YES;
				CLANG_WARN_RANGE_LOOP_ANALYSIS = YES;
				CLANG_WARN_STRICT_PROTOTYPES = YES;
				CLANG_WARN_SUSPICIOUS_MOVE = YES;
				CLANG_WARN_UNGUARDED_AVAILABILITY = YES_AGGRESSIVE;
				CLANG_WARN_UNREACHABLE_CODE = YES;
				CLANG_WARN__DUPLICATE_METHOD_MATCH = YES;
				COPY_PHASE_STRIP = NO;
				DEBUG_INFORMATION_FORMAT = dwarf;
				ENABLE_STRICT_OBJC_MSGSEND = YES;
				ENABLE_TESTABILITY = YES;
				GCC_C_LANGUAGE_STANDARD = gnu11;
				GCC_DYNAMIC_NO_PIC = NO;
				GCC_NO_COMMON_BLOCKS = YES;
				GCC_OPTIMIZATION_LEVEL = 0;
				GCC_PREPROCESSOR_DEFINITIONS = (
					"DEBUG=1",
					"$(inherited)",
				);
				GCC_WARN_64_TO_32_BIT_CONVERSION = YES;
				GCC_WARN_ABOUT_RETURN_TYPE = YES_ERROR;
				GCC_WARN_UNDECLARED_SELECTOR = YES;
				GCC_WARN_UNINITIALIZED_AUTOS = YES_AGGRESSIVE;
				GCC_WARN_UNUSED_FUNCTION = YES;
				GCC_WARN_UNUSED_VARIABLE = YES;
				IPHONEOS_DEPLOYMENT_TARGET = 14.1;
				MTL_ENABLE_DEBUG_INFO = INCLUDE_SOURCE;
				MTL_FAST_MATH = YES;
				ONLY_ACTIVE_ARCH = YES;
				SDKROOT = iphoneos;
				SWIFT_ACTIVE_COMPILATION_CONDITIONS = DEBUG;
				SWIFT_OPTIMIZATION_LEVEL = "-Onone";
			};
			name = Debug;
		};
		AF43511D254FCE50001018E8 /* Release */ = {
			isa = XCBuildConfiguration;
			buildSettings = {
				ALWAYS_SEARCH_USER_PATHS = NO;
				CLANG_ANALYZER_NONNULL = YES;
				CLANG_ANALYZER_NUMBER_OBJECT_CONVERSION = YES_AGGRESSIVE;
				CLANG_CXX_LANGUAGE_STANDARD = "gnu++14";
				CLANG_CXX_LIBRARY = "libc++";
				CLANG_ENABLE_MODULES = YES;
				CLANG_ENABLE_OBJC_ARC = YES;
				CLANG_ENABLE_OBJC_WEAK = YES;
				CLANG_WARN_BLOCK_CAPTURE_AUTORELEASING = YES;
				CLANG_WARN_BOOL_CONVERSION = YES;
				CLANG_WARN_COMMA = YES;
				CLANG_WARN_CONSTANT_CONVERSION = YES;
				CLANG_WARN_DEPRECATED_OBJC_IMPLEMENTATIONS = YES;
				CLANG_WARN_DIRECT_OBJC_ISA_USAGE = YES_ERROR;
				CLANG_WARN_DOCUMENTATION_COMMENTS = YES;
				CLANG_WARN_EMPTY_BODY = YES;
				CLANG_WARN_ENUM_CONVERSION = YES;
				CLANG_WARN_INFINITE_RECURSION = YES;
				CLANG_WARN_INT_CONVERSION = YES;
				CLANG_WARN_NON_LITERAL_NULL_CONVERSION = YES;
				CLANG_WARN_OBJC_IMPLICIT_RETAIN_SELF = YES;
				CLANG_WARN_OBJC_LITERAL_CONVERSION = YES;
				CLANG_WARN_OBJC_ROOT_CLASS = YES_ERROR;
				CLANG_WARN_QUOTED_INCLUDE_IN_FRAMEWORK_HEADER = YES;
				CLANG_WARN_RANGE_LOOP_ANALYSIS = YES;
				CLANG_WARN_STRICT_PROTOTYPES = YES;
				CLANG_WARN_SUSPICIOUS_MOVE = YES;
				CLANG_WARN_UNGUARDED_AVAILABILITY = YES_AGGRESSIVE;
				CLANG_WARN_UNREACHABLE_CODE = YES;
				CLANG_WARN__DUPLICATE_METHOD_MATCH = YES;
				COPY_PHASE_STRIP = NO;
				DEBUG_INFORMATION_FORMAT = "dwarf-with-dsym";
				ENABLE_NS_ASSERTIONS = NO;
				ENABLE_STRICT_OBJC_MSGSEND = YES;
				GCC_C_LANGUAGE_STANDARD = gnu11;
				GCC_NO_COMMON_BLOCKS = YES;
				GCC_WARN_64_TO_32_BIT_CONVERSION = YES;
				GCC_WARN_ABOUT_RETURN_TYPE = YES_ERROR;
				GCC_WARN_UNDECLARED_SELECTOR = YES;
				GCC_WARN_UNINITIALIZED_AUTOS = YES_AGGRESSIVE;
				GCC_WARN_UNUSED_FUNCTION = YES;
				GCC_WARN_UNUSED_VARIABLE = YES;
				IPHONEOS_DEPLOYMENT_TARGET = 14.1;
				MTL_ENABLE_DEBUG_INFO = NO;
				MTL_FAST_MATH = YES;
				SDKROOT = iphoneos;
				SWIFT_COMPILATION_MODE = wholemodule;
				SWIFT_OPTIMIZATION_LEVEL = "-O";
				VALIDATE_PRODUCT = YES;
			};
			name = Release;
		};
		AF43511F254FCE50001018E8 /* Debug */ = {
			isa = XCBuildConfiguration;
			buildSettings = {
				ASSETCATALOG_COMPILER_APPICON_NAME = AppIcon;
				ASSETCATALOG_COMPILER_GLOBAL_ACCENT_COLOR_NAME = AccentColor;
				CODE_SIGN_STYLE = Automatic;
				INFOPLIST_FILE = Alert/Info.plist;
				LD_RUNPATH_SEARCH_PATHS = (
					"$(inherited)",
					"@executable_path/Frameworks",
				);
				PRODUCT_BUNDLE_IDENTIFIER = net.macnpc.Alert;
				PRODUCT_NAME = "$(TARGET_NAME)";
				SWIFT_VERSION = 5.0;
				TARGETED_DEVICE_FAMILY = "1,2";
			};
			name = Debug;
		};
		AF435120254FCE50001018E8 /* Release */ = {
			isa = XCBuildConfiguration;
			buildSettings = {
				ASSETCATALOG_COMPILER_APPICON_NAME = AppIcon;
				ASSETCATALOG_COMPILER_GLOBAL_ACCENT_COLOR_NAME = AccentColor;
				CODE_SIGN_STYLE = Automatic;
				INFOPLIST_FILE = Alert/Info.plist;
				LD_RUNPATH_SEARCH_PATHS = (
					"$(inherited)",
					"@executable_path/Frameworks",
				);
				PRODUCT_BUNDLE_IDENTIFIER = net.macnpc.Alert;
				PRODUCT_NAME = "$(TARGET_NAME)";
				SWIFT_VERSION = 5.0;
				TARGETED_DEVICE_FAMILY = "1,2";
			};
			name = Release;
		};
/* End XCBuildConfiguration section */

/* Begin XCConfigurationList section */
		AF435105254FCE4F001018E8 /* Build configuration list for PBXProject "Alert" */ = {
			isa = XCConfigurationList;
			buildConfigurations = (
				AF43511C254FCE50001018E8 /* Debug */,
				AF43511D254FCE50001018E8 /* Release */,
			);
			defaultConfigurationIsVisible = 0;
			defaultConfigurationName = Release;
		};
		AF43511E254FCE50001018E8 /* Build configuration list for PBXNativeTarget "Alert" */ = {
			isa = XCConfigurationList;
			buildConfigurations = (
				AF43511F254FCE50001018E8 /* Debug */,
				AF435120254FCE50001018E8 /* Release */,
			);
			defaultConfigurationIsVisible = 0;
			defaultConfigurationName = Release;
		};
/* End XCConfigurationList section */
	};
	rootObject = AF435102254FCE4F001018E8 /* Project object */;
}
